// !$*UTF8*$!
{
	archiveVersion = 1;
	classes = {
	};
	objectVersion = 50;
	objects = {

/* Begin PBXBuildFile section */
		F0B4CD9C2146548500409442 /* AppDelegate.m in Sources */ = {isa = PBXBuildFile; fileRef = F0B4CD9B2146548500409442 /* AppDelegate.m */; };
		F0B4CD9F2146548500409442 /* ViewController.m in Sources */ = {isa = PBXBuildFile; fileRef = F0B4CD9E2146548500409442 /* ViewController.m */; };
		F0B4CDA22146548500409442 /* Main.storyboard in Resources */ = {isa = PBXBuildFile; fileRef = F0B4CDA02146548500409442 /* Main.storyboard */; };
		F0B4CDA42146548600409442 /* Assets.xcassets in Resources */ = {isa = PBXBuildFile; fileRef = F0B4CDA32146548600409442 /* Assets.xcassets */; };
		F0B4CDA72146548600409442 /* LaunchScreen.storyboard in Resources */ = {isa = PBXBuildFile; fileRef = F0B4CDA52146548600409442 /* LaunchScreen.storyboard */; };
		F0B4CDAA2146548600409442 /* main.m in Sources */ = {isa = PBXBuildFile; fileRef = F0B4CDA92146548600409442 /* main.m */; };
		F0B4CDB42146548600409442 /* TestOneTests.m in Sources */ = {isa = PBXBuildFile; fileRef = F0B4CDB32146548600409442 /* TestOneTests.m */; };
		F0B4CDBF2146548600409442 /* TestOneUITests.m in Sources */ = {isa = PBXBuildFile; fileRef = F0B4CDBE2146548600409442 /* TestOneUITests.m */; };
/* End PBXBuildFile section */

/* Begin PBXContainerItemProxy section */
		F0B4CDB02146548600409442 /* PBXContainerItemProxy */ = {
			isa = PBXContainerItemProxy;
			containerPortal = F0B4CD8F2146548500409442 /* Project object */;
			proxyType = 1;
			remoteGlobalIDString = F0B4CD962146548500409442;
			remoteInfo = TestOne;
		};
		F0B4CDBB2146548600409442 /* PBXContainerItemProxy */ = {
			isa = PBXContainerItemProxy;
			containerPortal = F0B4CD8F2146548500409442 /* Project object */;
			proxyType = 1;
			remoteGlobalIDString = F0B4CD962146548500409442;
			remoteInfo = TestOne;
		};
/* End PBXContainerItemProxy section */

/* Begin PBXFileReference section */
		F0B4CD972146548500409442 /* TestOne.app */ = {isa = PBXFileReference; explicitFileType = wrapper.application; includeInIndex = 0; path = TestOne.app; sourceTree = BUILT_PRODUCTS_DIR; };
		F0B4CD9A2146548500409442 /* AppDelegate.h */ = {isa = PBXFileReference; lastKnownFileType = sourcecode.c.h; path = AppDelegate.h; sourceTree = "<group>"; };
		F0B4CD9B2146548500409442 /* AppDelegate.m */ = {isa = PBXFileReference; lastKnownFileType = sourcecode.c.objc; path = AppDelegate.m; sourceTree = "<group>"; };
		F0B4CD9D2146548500409442 /* ViewController.h */ = {isa = PBXFileReference; lastKnownFileType = sourcecode.c.h; path = ViewController.h; sourceTree = "<group>"; };
		F0B4CD9E2146548500409442 /* ViewController.m */ = {isa = PBXFileReference; lastKnownFileType = sourcecode.c.objc; path = ViewController.m; sourceTree = "<group>"; };
		F0B4CDA12146548500409442 /* Base */ = {isa = PBXFileReference; lastKnownFileType = file.storyboard; name = Base; path = Base.lproj/Main.storyboard; sourceTree = "<group>"; };
		F0B4CDA32146548600409442 /* Assets.xcassets */ = {isa = PBXFileReference; lastKnownFileType = folder.assetcatalog; path = Assets.xcassets; sourceTree = "<group>"; };
		F0B4CDA62146548600409442 /* Base */ = {isa = PBXFileReference; lastKnownFileType = file.storyboard; name = Base; path = Base.lproj/LaunchScreen.storyboard; sourceTree = "<group>"; };
		F0B4CDA82146548600409442 /* Info.plist */ = {isa = PBXFileReference; lastKnownFileType = text.plist.xml; path = Info.plist; sourceTree = "<group>"; };
		F0B4CDA92146548600409442 /* main.m */ = {isa = PBXFileReference; lastKnownFileType = sourcecode.c.objc; path = main.m; sourceTree = "<group>"; };
		F0B4CDAF2146548600409442 /* TestOneTests.xctest */ = {isa = PBXFileReference; explicitFileType = wrapper.cfbundle; includeInIndex = 0; path = TestOneTests.xctest; sourceTree = BUILT_PRODUCTS_DIR; };
		F0B4CDB32146548600409442 /* TestOneTests.m */ = {isa = PBXFileReference; lastKnownFileType = sourcecode.c.objc; path = TestOneTests.m; sourceTree = "<group>"; };
		F0B4CDB52146548600409442 /* Info.plist */ = {isa = PBXFileReference; lastKnownFileType = text.plist.xml; path = Info.plist; sourceTree = "<group>"; };
		F0B4CDBA2146548600409442 /* TestOneUITests.xctest */ = {isa = PBXFileReference; explicitFileType = wrapper.cfbundle; includeInIndex = 0; path = TestOneUITests.xctest; sourceTree = BUILT_PRODUCTS_DIR; };
		F0B4CDBE2146548600409442 /* TestOneUITests.m */ = {isa = PBXFileReference; lastKnownFileType = sourcecode.c.objc; path = TestOneUITests.m; sourceTree = "<group>"; };
		F0B4CDC02146548600409442 /* Info.plist */ = {isa = PBXFileReference; lastKnownFileType = text.plist.xml; path = Info.plist; sourceTree = "<group>"; };
/* End PBXFileReference section */

/* Begin PBXFrameworksBuildPhase section */
		F0B4CD942146548500409442 /* Frameworks */ = {
			isa = PBXFrameworksBuildPhase;
			buildActionMask = 2147483647;
			files = (
			);
			runOnlyForDeploymentPostprocessing = 0;
		};
		F0B4CDAC2146548600409442 /* Frameworks */ = {
			isa = PBXFrameworksBuildPhase;
			buildActionMask = 2147483647;
			files = (
			);
			runOnlyForDeploymentPostprocessing = 0;
		};
		F0B4CDB72146548600409442 /* Frameworks */ = {
			isa = PBXFrameworksBuildPhase;
			buildActionMask = 2147483647;
			files = (
			);
			runOnlyForDeploymentPostprocessing = 0;
		};
/* End PBXFrameworksBuildPhase section */

/* Begin PBXGroup section */
		F0B4CD8E2146548500409442 = {
			isa = PBXGroup;
			children = (
				F0B4CD992146548500409442 /* TestOne */,
				F0B4CDB22146548600409442 /* TestOneTests */,
				F0B4CDBD2146548600409442 /* TestOneUITests */,
				F0B4CD982146548500409442 /* Products */,
			);
			sourceTree = "<group>";
		};
		F0B4CD982146548500409442 /* Products */ = {
			isa = PBXGroup;
			children = (
				F0B4CD972146548500409442 /* TestOne.app */,
				F0B4CDAF2146548600409442 /* TestOneTests.xctest */,
				F0B4CDBA2146548600409442 /* TestOneUITests.xctest */,
			);
			name = Products;
			sourceTree = "<group>";
		};
		F0B4CD992146548500409442 /* TestOne */ = {
			isa = PBXGroup;
			children = (
				F0B4CD9A2146548500409442 /* AppDelegate.h */,
				F0B4CD9B2146548500409442 /* AppDelegate.m */,
				F0B4CD9D2146548500409442 /* ViewController.h */,
				F0B4CD9E2146548500409442 /* ViewController.m */,
				F0B4CDA02146548500409442 /* Main.storyboard */,
				F0B4CDA32146548600409442 /* Assets.xcassets */,
				F0B4CDA52146548600409442 /* LaunchScreen.storyboard */,
				F0B4CDA82146548600409442 /* Info.plist */,
				F0B4CDA92146548600409442 /* main.m */,
			);
			path = TestOne;
			sourceTree = "<group>";
		};
		F0B4CDB22146548600409442 /* TestOneTests */ = {
			isa = PBXGroup;
			children = (
				F0B4CDB32146548600409442 /* TestOneTests.m */,
				F0B4CDB52146548600409442 /* Info.plist */,
			);
			path = TestOneTests;
			sourceTree = "<group>";
		};
		F0B4CDBD2146548600409442 /* TestOneUITests */ = {
			isa = PBXGroup;
			children = (
				F0B4CDBE2146548600409442 /* TestOneUITests.m */,
				F0B4CDC02146548600409442 /* Info.plist */,
			);
			path = TestOneUITests;
			sourceTree = "<group>";
		};
/* End PBXGroup section */

/* Begin PBXNativeTarget section */
		F0B4CD962146548500409442 /* TestOne */ = {
			isa = PBXNativeTarget;
			buildConfigurationList = F0B4CDC32146548600409442 /* Build configuration list for PBXNativeTarget "TestOne" */;
			buildPhases = (
				F0B4CD932146548500409442 /* Sources */,
				F0B4CD942146548500409442 /* Frameworks */,
				F0B4CD952146548500409442 /* Resources */,
			);
			buildRules = (
			);
			dependencies = (
			);
			name = TestOne;
			productName = TestOne;
			productReference = F0B4CD972146548500409442 /* TestOne.app */;
			productType = "com.apple.product-type.application";
		};
		F0B4CDAE2146548600409442 /* TestOneTests */ = {
			isa = PBXNativeTarget;
			buildConfigurationList = F0B4CDC62146548600409442 /* Build configuration list for PBXNativeTarget "TestOneTests" */;
			buildPhases = (
				F0B4CDAB2146548600409442 /* Sources */,
				F0B4CDAC2146548600409442 /* Frameworks */,
				F0B4CDAD2146548600409442 /* Resources */,
			);
			buildRules = (
			);
			dependencies = (
				F0B4CDB12146548600409442 /* PBXTargetDependency */,
			);
			name = TestOneTests;
			productName = TestOneTests;
			productReference = F0B4CDAF2146548600409442 /* TestOneTests.xctest */;
			productType = "com.apple.product-type.bundle.unit-test";
		};
		F0B4CDB92146548600409442 /* TestOneUITests */ = {
			isa = PBXNativeTarget;
			buildConfigurationList = F0B4CDC92146548600409442 /* Build configuration list for PBXNativeTarget "TestOneUITests" */;
			buildPhases = (
				F0B4CDB62146548600409442 /* Sources */,
				F0B4CDB72146548600409442 /* Frameworks */,
				F0B4CDB82146548600409442 /* Resources */,
			);
			buildRules = (
			);
			dependencies = (
				F0B4CDBC2146548600409442 /* PBXTargetDependency */,
			);
			name = TestOneUITests;
			productName = TestOneUITests;
			productReference = F0B4CDBA2146548600409442 /* TestOneUITests.xctest */;
			productType = "com.apple.product-type.bundle.ui-testing";
		};
/* End PBXNativeTarget section */

/* Begin PBXProject section */
		F0B4CD8F2146548500409442 /* Project object */ = {
			isa = PBXProject;
			attributes = {
				LastUpgradeCheck = 0940;
				ORGANIZATIONNAME = zhangqiang;
				TargetAttributes = {
					F0B4CD962146548500409442 = {
						CreatedOnToolsVersion = 9.4.1;
					};
					F0B4CDAE2146548600409442 = {
						CreatedOnToolsVersion = 9.4.1;
						TestTargetID = F0B4CD962146548500409442;
					};
					F0B4CDB92146548600409442 = {
						CreatedOnToolsVersion = 9.4.1;
						TestTargetID = F0B4CD962146548500409442;
					};
				};
			};
			buildConfigurationList = F0B4CD922146548500409442 /* Build configuration list for PBXProject "TestOne" */;
			compatibilityVersion = "Xcode 9.3";
			developmentRegion = en;
			hasScannedForEncodings = 0;
			knownRegions = (
				en,
				Base,
			);
			mainGroup = F0B4CD8E2146548500409442;
			productRefGroup = F0B4CD982146548500409442 /* Products */;
			projectDirPath = "";
			projectRoot = "";
			targets = (
				F0B4CD962146548500409442 /* TestOne */,
				F0B4CDAE2146548600409442 /* TestOneTests */,
				F0B4CDB92146548600409442 /* TestOneUITests */,
			);
		};
/* End PBXProject section */

/* Begin PBXResourcesBuildPhase section */
		F0B4CD952146548500409442 /* Resources */ = {
			isa = PBXResourcesBuildPhase;
			buildActionMask = 2147483647;
			files = (
				F0B4CDA72146548600409442 /* LaunchScreen.storyboard in Resources */,
				F0B4CDA42146548600409442 /* Assets.xcassets in Resources */,
				F0B4CDA22146548500409442 /* Main.storyboard in Resources */,
			);
			runOnlyForDeploymentPostprocessing = 0;
		};
		F0B4CDAD2146548600409442 /* Resources */ = {
			isa = PBXResourcesBuildPhase;
			buildActionMask = 2147483647;
			files = (
			);
			runOnlyForDeploymentPostprocessing = 0;
		};
		F0B4CDB82146548600409442 /* Resources */ = {
			isa = PBXResourcesBuildPhase;
			buildActionMask = 2147483647;
			files = (
			);
			runOnlyForDeploymentPostprocessing = 0;
		};
/* End PBXResourcesBuildPhase section */

/* Begin PBXSourcesBuildPhase section */
		F0B4CD932146548500409442 /* Sources */ = {
			isa = PBXSourcesBuildPhase;
			buildActionMask = 2147483647;
			files = (
				F0B4CD9F2146548500409442 /* ViewController.m in Sources */,
				F0B4CDAA2146548600409442 /* main.m in Sources */,
				F0B4CD9C2146548500409442 /* AppDelegate.m in Sources */,
			);
			runOnlyForDeploymentPostprocessing = 0;
		};
		F0B4CDAB2146548600409442 /* Sources */ = {
			isa = PBXSourcesBuildPhase;
			buildActionMask = 2147483647;
			files = (
				F0B4CDB42146548600409442 /* TestOneTests.m in Sources */,
			);
			runOnlyForDeploymentPostprocessing = 0;
		};
		F0B4CDB62146548600409442 /* Sources */ = {
			isa = PBXSourcesBuildPhase;
			buildActionMask = 2147483647;
			files = (
				F0B4CDBF2146548600409442 /* TestOneUITests.m in Sources */,
			);
			runOnlyForDeploymentPostprocessing = 0;
		};
/* End PBXSourcesBuildPhase section */

/* Begin PBXTargetDependency section */
		F0B4CDB12146548600409442 /* PBXTargetDependency */ = {
			isa = PBXTargetDependency;
			target = F0B4CD962146548500409442 /* TestOne */;
			targetProxy = F0B4CDB02146548600409442 /* PBXContainerItemProxy */;
		};
		F0B4CDBC2146548600409442 /* PBXTargetDependency */ = {
			isa = PBXTargetDependency;
			target = F0B4CD962146548500409442 /* TestOne */;
			targetProxy = F0B4CDBB2146548600409442 /* PBXContainerItemProxy */;
		};
/* End PBXTargetDependency section */

/* Begin PBXVariantGroup section */
		F0B4CDA02146548500409442 /* Main.storyboard */ = {
			isa = PBXVariantGroup;
			children = (
				F0B4CDA12146548500409442 /* Base */,
			);
			name = Main.storyboard;
			sourceTree = "<group>";
		};
		F0B4CDA52146548600409442 /* LaunchScreen.storyboard */ = {
			isa = PBXVariantGroup;
			children = (
				F0B4CDA62146548600409442 /* Base */,
			);
			name = LaunchScreen.storyboard;
			sourceTree = "<group>";
		};
/* End PBXVariantGroup section */

/* Begin XCBuildConfiguration section */
		F0B4CDC12146548600409442 /* Debug */ = {
			isa = XCBuildConfiguration;
			buildSettings = {
				ALWAYS_SEARCH_USER_PATHS = NO;
				CLANG_ANALYZER_NONNULL = YES;
				CLANG_ANALYZER_NUMBER_OBJECT_CONVERSION = YES_AGGRESSIVE;
				CLANG_CXX_LANGUAGE_STANDARD = "gnu++14";
				CLANG_CXX_LIBRARY = "libc++";
				CLANG_ENABLE_MODULES = YES;
				CLANG_ENABLE_OBJC_ARC = YES;
				CLANG_ENABLE_OBJC_WEAK = YES;
				CLANG_WARN_BLOCK_CAPTURE_AUTORELEASING = YES;
				CLANG_WARN_BOOL_CONVERSION = YES;
				CLANG_WARN_COMMA = YES;
				CLANG_WARN_CONSTANT_CONVERSION = YES;
				CLANG_WARN_DEPRECATED_OBJC_IMPLEMENTATIONS = YES;
				CLANG_WARN_DIRECT_OBJC_ISA_USAGE = YES_ERROR;
				CLANG_WARN_DOCUMENTATION_COMMENTS = YES;
				CLANG_WARN_EMPTY_BODY = YES;
				CLANG_WARN_ENUM_CONVERSION = YES;
				CLANG_WARN_INFINITE_RECURSION = YES;
				CLANG_WARN_INT_CONVERSION = YES;
				CLANG_WARN_NON_LITERAL_NULL_CONVERSION = YES;
				CLANG_WARN_OBJC_IMPLICIT_RETAIN_SELF = YES;
				CLANG_WARN_OBJC_LITERAL_CONVERSION = YES;
				CLANG_WARN_OBJC_ROOT_CLASS = YES_ERROR;
				CLANG_WARN_RANGE_LOOP_ANALYSIS = YES;
				CLANG_WARN_STRICT_PROTOTYPES = YES;
				CLANG_WARN_SUSPICIOUS_MOVE = YES;
				CLANG_WARN_UNGUARDED_AVAILABILITY = YES_AGGRESSIVE;
				CLANG_WARN_UNREACHABLE_CODE = YES;
				CLANG_WARN__DUPLICATE_METHOD_MATCH = YES;
				CODE_SIGN_IDENTITY = "iPhone Developer";
				COPY_PHASE_STRIP = NO;
				DEBUG_INFORMATION_FORMAT = dwarf;
				ENABLE_STRICT_OBJC_MSGSEND = YES;
				ENABLE_TESTABILITY = YES;
				GCC_C_LANGUAGE_STANDARD = gnu11;
				GCC_DYNAMIC_NO_PIC = NO;
				GCC_NO_COMMON_BLOCKS = YES;
				GCC_OPTIMIZATION_LEVEL = 0;
				GCC_PREPROCESSOR_DEFINITIONS = (
					"DEBUG=1",
					"$(inherited)",
				);
				GCC_WARN_64_TO_32_BIT_CONVERSION = YES;
				GCC_WARN_ABOUT_RETURN_TYPE = YES_ERROR;
				GCC_WARN_UNDECLARED_SELECTOR = YES;
				GCC_WARN_UNINITIALIZED_AUTOS = YES_AGGRESSIVE;
				GCC_WARN_UNUSED_FUNCTION = YES;
				GCC_WARN_UNUSED_VARIABLE = YES;
				IPHONEOS_DEPLOYMENT_TARGET = 11.4;
				MTL_ENABLE_DEBUG_INFO = YES;
				ONLY_ACTIVE_ARCH = YES;
				SDKROOT = iphoneos;
			};
			name = Debug;
		};
		F0B4CDC22146548600409442 /* Release */ = {
			isa = XCBuildConfiguration;
			buildSettings = {
				ALWAYS_SEARCH_USER_PATHS = NO;
				CLANG_ANALYZER_NONNULL = YES;
				CLANG_ANALYZER_NUMBER_OBJECT_CONVERSION = YES_AGGRESSIVE;
				CLANG_CXX_LANGUAGE_STANDARD = "gnu++14";
				CLANG_CXX_LIBRARY = "libc++";
				CLANG_ENABLE_MODULES = YES;
				CLANG_ENABLE_OBJC_ARC = YES;
				CLANG_ENABLE_OBJC_WEAK = YES;
				CLANG_WARN_BLOCK_CAPTURE_AUTORELEASING = YES;
				CLANG_WARN_BOOL_CONVERSION = YES;
				CLANG_WARN_COMMA = YES;
				CLANG_WARN_CONSTANT_CONVERSION = YES;
				CLANG_WARN_DEPRECATED_OBJC_IMPLEMENTATIONS = YES;
				CLANG_WARN_DIRECT_OBJC_ISA_USAGE = YES_ERROR;
				CLANG_WARN_DOCUMENTATION_COMMENTS = YES;
				CLANG_WARN_EMPTY_BODY = YES;
				CLANG_WARN_ENUM_CONVERSION = YES;
				CLANG_WARN_INFINITE_RECURSION = YES;
				CLANG_WARN_INT_CONVERSION = YES;
				CLANG_WARN_NON_LITERAL_NULL_CONVERSION = YES;
				CLANG_WARN_OBJC_IMPLICIT_RETAIN_SELF = YES;
				CLANG_WARN_OBJC_LITERAL_CONVERSION = YES;
				CLANG_WARN_OBJC_ROOT_CLASS = YES_ERROR;
				CLANG_WARN_RANGE_LOOP_ANALYSIS = YES;
				CLANG_WARN_STRICT_PROTOTYPES = YES;
				CLANG_WARN_SUSPICIOUS_MOVE = YES;
				CLANG_WARN_UNGUARDED_AVAILABILITY = YES_AGGRESSIVE;
				CLANG_WARN_UNREACHABLE_CODE = YES;
				CLANG_WARN__DUPLICATE_METHOD_MATCH = YES;
				CODE_SIGN_IDENTITY = "iPhone Developer";
				COPY_PHASE_STRIP = NO;
				DEBUG_INFORMATION_FORMAT = "dwarf-with-dsym";
				ENABLE_NS_ASSERTIONS = NO;
				ENABLE_STRICT_OBJC_MSGSEND = YES;
				GCC_C_LANGUAGE_STANDARD = gnu11;
				GCC_NO_COMMON_BLOCKS = YES;
				GCC_WARN_64_TO_32_BIT_CONVERSION = YES;
				GCC_WARN_ABOUT_RETURN_TYPE = YES_ERROR;
				GCC_WARN_UNDECLARED_SELECTOR = YES;
				GCC_WARN_UNINITIALIZED_AUTOS = YES_AGGRESSIVE;
				GCC_WARN_UNUSED_FUNCTION = YES;
				GCC_WARN_UNUSED_VARIABLE = YES;
				IPHONEOS_DEPLOYMENT_TARGET = 11.4;
				MTL_ENABLE_DEBUG_INFO = NO;
				SDKROOT = iphoneos;
				VALIDATE_PRODUCT = YES;
			};
			name = Release;
		};
		F0B4CDC42146548600409442 /* Debug */ = {
			isa = XCBuildConfiguration;
			buildSettings = {
				ASSETCATALOG_COMPILER_APPICON_NAME = AppIcon;
				CODE_SIGN_STYLE = Automatic;
				DEVELOPMENT_TEAM = 6VM7ZL362Y;
				INFOPLIST_FILE = TestOne/Info.plist;
				LD_RUNPATH_SEARCH_PATHS = (
					"$(inherited)",
					"@executable_path/Frameworks",
				);
				PRODUCT_BUNDLE_IDENTIFIER = ZQ.TestOne;
				PRODUCT_NAME = "$(TARGET_NAME)";
				TARGETED_DEVICE_FAMILY = "1,2";
			};
			name = Debug;
		};
		F0B4CDC52146548600409442 /* Release */ = {
			isa = XCBuildConfiguration;
			buildSettings = {
				ASSETCATALOG_COMPILER_APPICON_NAME = AppIcon;
				CODE_SIGN_STYLE = Automatic;
				DEVELOPMENT_TEAM = 6VM7ZL362Y;
				INFOPLIST_FILE = TestOne/Info.plist;
				LD_RUNPATH_SEARCH_PATHS = (
					"$(inherited)",
					"@executable_path/Frameworks",
				);
				PRODUCT_BUNDLE_IDENTIFIER = ZQ.TestOne;
				PRODUCT_NAME = "$(TARGET_NAME)";
				TARGETED_DEVICE_FAMILY = "1,2";
			};
			name = Release;
		};
		F0B4CDC72146548600409442 /* Debug */ = {
			isa = XCBuildConfiguration;
			buildSettings = {
				BUNDLE_LOADER = "$(TEST_HOST)";
				CODE_SIGN_STYLE = Automatic;
				DEVELOPMENT_TEAM = 6VM7ZL362Y;
				INFOPLIST_FILE = TestOneTests/Info.plist;
				LD_RUNPATH_SEARCH_PATHS = (
					"$(inherited)",
					"@executable_path/Frameworks",
					"@loader_path/Frameworks",
				);
				PRODUCT_BUNDLE_IDENTIFIER = ZQ.TestOneTests;
				PRODUCT_NAME = "$(TARGET_NAME)";
				TARGETED_DEVICE_FAMILY = "1,2";
				TEST_HOST = "$(BUILT_PRODUCTS_DIR)/TestOne.app/TestOne";
			};
			name = Debug;
		};
		F0B4CDC82146548600409442 /* Release */ = {
			isa = XCBuildConfiguration;
			buildSettings = {
				BUNDLE_LOADER = "$(TEST_HOST)";
				CODE_SIGN_STYLE = Automatic;
				DEVELOPMENT_TEAM = 6VM7ZL362Y;
				INFOPLIST_FILE = TestOneTests/Info.plist;
				LD_RUNPATH_SEARCH_PATHS = (
					"$(inherited)",
					"@executable_path/Frameworks",
					"@loader_path/Frameworks",
				);
				PRODUCT_BUNDLE_IDENTIFIER = ZQ.TestOneTests;
				PRODUCT_NAME = "$(TARGET_NAME)";
				TARGETED_DEVICE_FAMILY = "1,2";
				TEST_HOST = "$(BUILT_PRODUCTS_DIR)/TestOne.app/TestOne";
			};
			name = Release;
		};
		F0B4CDCA2146548600409442 /* Debug */ = {
			isa = XCBuildConfiguration;
			buildSettings = {
				CODE_SIGN_STYLE = Automatic;
				DEVELOPMENT_TEAM = 6VM7ZL362Y;
				INFOPLIST_FILE = TestOneUITests/Info.plist;
				LD_RUNPATH_SEARCH_PATHS = (
					"$(inherited)",
					"@executable_path/Frameworks",
					"@loader_path/Frameworks",
				);
				PRODUCT_BUNDLE_IDENTIFIER = ZQ.TestOneUITests;
				PRODUCT_NAME = "$(TARGET_NAME)";
				TARGETED_DEVICE_FAMILY = "1,2";
				TEST_TARGET_NAME = TestOne;
			};
			name = Debug;
		};
		F0B4CDCB2146548600409442 /* Release */ = {
			isa = XCBuildConfiguration;
			buildSettings = {
				CODE_SIGN_STYLE = Automatic;
				DEVELOPMENT_TEAM = 6VM7ZL362Y;
				INFOPLIST_FILE = TestOneUITests/Info.plist;
				LD_RUNPATH_SEARCH_PATHS = (
					"$(inherited)",
					"@executable_path/Frameworks",
					"@loader_path/Frameworks",
				);
				PRODUCT_BUNDLE_IDENTIFIER = ZQ.TestOneUITests;
				PRODUCT_NAME = "$(TARGET_NAME)";
				TARGETED_DEVICE_FAMILY = "1,2";
				TEST_TARGET_NAME = TestOne;
			};
			name = Release;
		};
/* End XCBuildConfiguration section */

/* Begin XCConfigurationList section */
		F0B4CD922146548500409442 /* Build configuration list for PBXProject "TestOne" */ = {
			isa = XCConfigurationList;
			buildConfigurations = (
				F0B4CDC12146548600409442 /* Debug */,
				F0B4CDC22146548600409442 /* Release */,
			);
			defaultConfigurationIsVisible = 0;
			defaultConfigurationName = Release;
		};
		F0B4CDC32146548600409442 /* Build configuration list for PBXNativeTarget "TestOne" */ = {
			isa = XCConfigurationList;
			buildConfigurations = (
				F0B4CDC42146548600409442 /* Debug */,
				F0B4CDC52146548600409442 /* Release */,
			);
			defaultConfigurationIsVisible = 0;
			defaultConfigurationName = Release;
		};
		F0B4CDC62146548600409442 /* Build configuration list for PBXNativeTarget "TestOneTests" */ = {
			isa = XCConfigurationList;
			buildConfigurations = (
				F0B4CDC72146548600409442 /* Debug */,
				F0B4CDC82146548600409442 /* Release */,
			);
			defaultConfigurationIsVisible = 0;
			defaultConfigurationName = Release;
		};
		F0B4CDC92146548600409442 /* Build configuration list for PBXNativeTarget "TestOneUITests" */ = {
			isa = XCConfigurationList;
			buildConfigurations = (
				F0B4CDCA2146548600409442 /* Debug */,
				F0B4CDCB2146548600409442 /* Release */,
			);
			defaultConfigurationIsVisible = 0;
			defaultConfigurationName = Release;
		};
/* End XCConfigurationList section */
	};
	rootObject = F0B4CD8F2146548500409442 /* Project object */;
}
